
Microsoft Visual Studio Solution File, Format Version 12.00
# Visual Studio Version 16
VisualStudioVersion = 16.0.31729.503
MinimumVisualStudioVersion = 10.0.40219.1
Project("{8BC9CEB8-8B4A-11D0-8D11-00A0C91BC942}") = "Game", "Game\Game.vcxproj", "{2CB13AD5-560B-438F-80F4-61D2B9C91892}"
EndProject
Global
	GlobalSection(SolutionConfigurationPlatforms) = preSolution
		Debug|x64 = Debug|x64
		Debug|x86 = Debug|x86
		Release|x64 = Release|x64
		Release|x86 = Release|x86
	EndGlobalSection
	GlobalSection(ProjectConfigurationPlatforms) = postSolution
		{2CB13AD5-560B-438F-80F4-61D2B9C91892}.Debug|x64.ActiveCfg = Debug|x64
		{2CB13AD5-560B-438F-80F4-61D2B9C91892}.Debug|x64.Build.0 = Debug|x64
		{2CB13AD5-560B-438F-80F4-61D2B9C91892}.Debug|x86.ActiveCfg = Debug|Win32
		{2CB13AD5-560B-438F-80F4-61D2B9C91892}.Debug|x86.Build.0 = Debug|Win32
		{2CB13AD5-560B-438F-80F4-61D2B9C91892}.Release|x64.ActiveCfg = Release|x64
		{2CB13AD5-560B-438F-80F4-61D2B9C91892}.Release|x64.Build.0 = Release|x64
		{2CB13AD5-560B-438F-80F4-61D2B9C91892}.Release|x86.ActiveCfg = Release|Win32
		{2CB13AD5-560B-438F-80F4-61D2B9C91892}.Release|x86.Build.0 = Release|Win32
	EndGlobalSection
	GlobalSection(SolutionProperties) = preSolution
		HideSolutionNode = FALSE
	EndGlobalSection
	GlobalSection(ExtensibilityGlobals) = postSolution
		SolutionGuid = {9FE5D9B4-A45A-4DDA-B3E8-D622E8E44CFB}
	EndGlobalSection
EndGlobal
