<?xml version="1.0" encoding="utf-8"?>
<Project ToolsVersion="4.0" xmlns="http://schemas.microsoft.com/developer/msbuild/2003">
  <ItemGroup>
    <Filter Include="Source Files">
      <UniqueIdentifier>{4FC737F1-C7A5-4376-A066-2A32D752A2FF}</UniqueIdentifier>
      <Extensions>cpp;c;cc;cxx;c++;cppm;ixx;def;odl;idl;hpj;bat;asm;asmx</Extensions>
    </Filter>
    <Filter Include="Header Files">
      <UniqueIdentifier>{93995380-89BD-4b04-88EB-625FBE52EBFB}</UniqueIdentifier>
      <Extensions>h;hh;hpp;hxx;h++;hm;inl;inc;ipp;xsd</Extensions>
    </Filter>
    <Filter Include="Resource Files">
      <UniqueIdentifier>{67DA6AB6-F800-4c08-8B7A-83BB121AAD01}</UniqueIdentifier>
      <Extensions>rc;ico;cur;bmp;dlg;rc2;rct;bin;rgs;gif;jpg;jpeg;jpe;resx;tiff;tif;png;wav;mfcribbon-ms</Extensions>
    </Filter>
  </ItemGroup>
  <ItemGroup>
    <ClCompile Include="main.cpp">
      <Filter>Source Files</Filter>
    </ClCompile>
    <ClCompile Include="CGame.cpp">
      <Filter>Source Files</Filter>
    </ClCompile>
    <ClCompile Include="CDebug.cpp">
      <Filter>Source Files</Filter>
    </ClCompile>
    <ClCompile Include="CTexture.cpp">
      <Filter>Source Files</Filter>
    </ClCompile>
    <ClCompile Include="CAnimation.cpp">
      <Filter>Source Files</Filter>
    </ClCompile>
    <ClCompile Include="CSprite.cpp">
      <Filter>Source Files</Filter>
    </ClCompile>
    <ClCompile Include="CGameObject.cpp">
      <Filter>Source Files</Filter>
    </ClCompile>
    <ClCompile Include="CBackGround.cpp">
      <Filter>Source Files</Filter>
    </ClCompile>
    <ClCompile Include="CUtil.cpp">
      <Filter>Source Files</Filter>
    </ClCompile>
    <ClCompile Include="CCam.cpp">
      <Filter>Source Files</Filter>
    </ClCompile>
    <ClCompile Include="CEntity.cpp">
      <Filter>Source Files</Filter>
    </ClCompile>
    <ClCompile Include="CGrid.cpp">
      <Filter>Source Files</Filter>
    </ClCompile>
    <ClCompile Include="CPipeLine.cpp">
      <Filter>Source Files</Filter>
    </ClCompile>
    <ClCompile Include="CMario.cpp">
      <Filter>Source Files</Filter>
    </ClCompile>
    <ClCompile Include="CKeyBoard.cpp">
      <Filter>Source Files</Filter>
    </ClCompile>
    <ClCompile Include="CBrick.cpp">
      <Filter>Source Files</Filter>
    </ClCompile>
    <ClCompile Include="CCollision.cpp">
      <Filter>Source Files</Filter>
    </ClCompile>
    <ClCompile Include="CPlayScene.cpp">
      <Filter>Source Files</Filter>
    </ClCompile>
    <ClCompile Include="CPortal.cpp">
      <Filter>Source Files</Filter>
    </ClCompile>
    <ClCompile Include="CPlatform.cpp">
      <Filter>Source Files</Filter>
    </ClCompile>
    <ClCompile Include="CBrickQuestion.cpp">
      <Filter>Source Files</Filter>
    </ClCompile>
    <ClCompile Include="CItem.cpp">
      <Filter>Source Files</Filter>
    </ClCompile>
    <ClCompile Include="CGoomba.cpp">
      <Filter>Source Files</Filter>
    </ClCompile>
    <ClCompile Include="CParaGoomba.cpp">
      <Filter>Source Files</Filter>
    </ClCompile>
    <ClCompile Include="CKoopaTropa.cpp">
      <Filter>Source Files</Filter>
    </ClCompile>
    <ClCompile Include="CKoopaParaTropa.cpp">
      <Filter>Source Files</Filter>
    </ClCompile>
    <ClCompile Include="CVenusFireTrap.cpp">
      <Filter>Source Files</Filter>
    </ClCompile>
    <ClCompile Include="CPiranhaPlant.cpp">
      <Filter>Source Files</Filter>
    </ClCompile>
    <ClCompile Include="CObjKoopaTropa.cpp">
      <Filter>Source Files</Filter>
    </ClCompile>
    <ClCompile Include="CFirer.cpp">
      <Filter>Source Files</Filter>
    </ClCompile>
  </ItemGroup>
  <ItemGroup>
    <None Include="packages.config" />
  </ItemGroup>
  <ItemGroup>
    <ClInclude Include="CGame.h">
      <Filter>Header Files</Filter>
    </ClInclude>
    <ClInclude Include="CDebug.h">
      <Filter>Header Files</Filter>
    </ClInclude>
    <ClInclude Include="CTexture.h">
      <Filter>Header Files</Filter>
    </ClInclude>
    <ClInclude Include="CAnimation.h">
      <Filter>Header Files</Filter>
    </ClInclude>
    <ClInclude Include="CSprite.h">
      <Filter>Header Files</Filter>
    </ClInclude>
    <ClInclude Include="CGameObject.h">
      <Filter>Header Files</Filter>
    </ClInclude>
    <ClInclude Include="CBackGround.h">
      <Filter>Header Files</Filter>
    </ClInclude>
    <ClInclude Include="CUtil.h">
      <Filter>Header Files</Filter>
    </ClInclude>
    <ClInclude Include="CCam.h">
      <Filter>Header Files</Filter>
    </ClInclude>
    <ClInclude Include="CEntity.h">
      <Filter>Header Files</Filter>
    </ClInclude>
    <ClInclude Include="CGrid.h">
      <Filter>Header Files</Filter>
    </ClInclude>
    <ClInclude Include="CPipeLine.h">
      <Filter>Header Files</Filter>
    </ClInclude>
    <ClInclude Include="CMario.h">
      <Filter>Header Files</Filter>
    </ClInclude>
    <ClInclude Include="DefineMario.h">
      <Filter>Header Files</Filter>
    </ClInclude>
    <ClInclude Include="CKeyBoard.h">
      <Filter>Header Files</Filter>
    </ClInclude>
    <ClInclude Include="CBrick.h">
      <Filter>Header Files</Filter>
    </ClInclude>
    <ClInclude Include="CCollision.h">
      <Filter>Header Files</Filter>
    </ClInclude>
    <ClInclude Include="CPlayScene.h">
      <Filter>Header Files</Filter>
    </ClInclude>
    <ClInclude Include="CPortal.h">
      <Filter>Header Files</Filter>
    </ClInclude>
    <ClInclude Include="CPlatform.h">
      <Filter>Header Files</Filter>
    </ClInclude>
    <ClInclude Include="CScene.h">
      <Filter>Header Files</Filter>
    </ClInclude>
    <ClInclude Include="DefineScenePlay.h">
      <Filter>Header Files</Filter>
    </ClInclude>
    <ClInclude Include="CBrickQuestion.h">
      <Filter>Header Files</Filter>
    </ClInclude>
    <ClInclude Include="CItem.h">
      <Filter>Header Files</Filter>
    </ClInclude>
    <ClInclude Include="CGoomba.h">
      <Filter>Header Files</Filter>
    </ClInclude>
    <ClInclude Include="CParaGoomba.h">
      <Filter>Header Files</Filter>
    </ClInclude>
    <ClInclude Include="CKoopaTropa.h">
      <Filter>Header Files</Filter>
    </ClInclude>
    <ClInclude Include="CKoopaParaTropa.h">
      <Filter>Header Files</Filter>
    </ClInclude>
    <ClInclude Include="CVenusFireTrap.h">
      <Filter>Header Files</Filter>
    </ClInclude>
    <ClInclude Include="CPiranhaPlant.h">
      <Filter>Header Files</Filter>
    </ClInclude>
    <ClInclude Include="CObjKoopaTropa.h">
      <Filter>Header Files</Filter>
    </ClInclude>
    <ClInclude Include="CFirer.h">
      <Filter>Header Files</Filter>
    </ClInclude>
  </ItemGroup>
</Project>